
Microsoft Visual Studio Solution File, Format Version 12.00
# Visual Studio Express 2012 for Web
Project("{FAE04EC0-301F-11D3-BF4B-00C04F79EFBC}") = "SilverlightSite", "SilverlightSite\SilverlightSite.csproj", "{9062FEDB-7FEC-45A3-A157-235570894E85}"
EndProject
Project("{FAE04EC0-301F-11D3-BF4B-00C04F79EFBC}") = "SilverlightSite.Web", "SilverlightSite.Web\SilverlightSite.Web.csproj", "{835E9B42-EABF-4EBD-AA8A-03EE91422DCF}"
	ProjectSection(ProjectDependencies) = postProject
		{9062FEDB-7FEC-45A3-A157-235570894E85} = {9062FEDB-7FEC-45A3-A157-235570894E85}
	EndProjectSection
EndProject
Global
	GlobalSection(SolutionConfigurationPlatforms) = preSolution
		Debug|Any CPU = Debug|Any CPU
		Release|Any CPU = Release|Any CPU
	EndGlobalSection
	GlobalSection(ProjectConfigurationPlatforms) = postSolution
		{9062FEDB-7FEC-45A3-A157-235570894E85}.Debug|Any CPU.ActiveCfg = Debug|Any CPU
		{9062FEDB-7FEC-45A3-A157-235570894E85}.Debug|Any CPU.Build.0 = Debug|Any CPU
		{9062FEDB-7FEC-45A3-A157-235570894E85}.Release|Any CPU.ActiveCfg = Release|Any CPU
		{9062FEDB-7FEC-45A3-A157-235570894E85}.Release|Any CPU.Build.0 = Release|Any CPU
		{835E9B42-EABF-4EBD-AA8A-03EE91422DCF}.Debug|Any CPU.ActiveCfg = Debug|Any CPU
		{835E9B42-EABF-4EBD-AA8A-03EE91422DCF}.Debug|Any CPU.Build.0 = Debug|Any CPU
		{835E9B42-EABF-4EBD-AA8A-03EE91422DCF}.Release|Any CPU.ActiveCfg = Release|Any CPU
		{835E9B42-EABF-4EBD-AA8A-03EE91422DCF}.Release|Any CPU.Build.0 = Release|Any CPU
	EndGlobalSection
	GlobalSection(SolutionProperties) = preSolution
		HideSolutionNode = FALSE
	EndGlobalSection
EndGlobal
